PODS:
  - RxBlocking (4.1.2):
    - RxSwift (~> 4.0)
  - RxCocoa (4.1.2):
    - RxSwift (~> 4.0)
  - RxSwift (4.1.2)
  - RxTest (4.1.2):
    - RxSwift (~> 4.0)
  - SwiftFP (1.0.0):
    - SwiftFP/Main (= 1.0.0)
  - SwiftFP/Main (1.0.0)
  - SwiftUtilities/Main+Rx (1.4.6):
    - RxBlocking (~> 4.0)
    - RxCocoa (~> 4.0)
    - RxSwift (~> 4.0)
    - SwiftFP (~> 1.0.0)
  - SwiftUtilitiesTests/Main+Rx (1.4.6):
    - RxBlocking (~> 4.0)
    - RxCocoa (~> 4.0)
    - RxSwift (~> 4.0)
    - RxTest (~> 4.0)

DEPENDENCIES:
  - SwiftFP/Main (from `https://github.com/protoman92/SwiftFP.git`)
  - SwiftUtilities/Main+Rx (from `https://github.com/protoman92/SwiftUtilities.git`)
  - SwiftUtilitiesTests/Main+Rx (from `https://github.com/protoman92/SwiftUtilities.git`)

EXTERNAL SOURCES:
  SwiftFP:
    :git: https://github.com/protoman92/SwiftFP.git
  SwiftUtilities:
    :git: https://github.com/protoman92/SwiftUtilities.git
  SwiftUtilitiesTests:
    :git: https://github.com/protoman92/SwiftUtilities.git

CHECKOUT OPTIONS:
  SwiftFP:
    :commit: caa124fe2a43910f014a43dec2704eb9c035820a
    :git: https://github.com/protoman92/SwiftFP.git
  SwiftUtilities:
    :commit: e4a14944291e6aac114f8b59eaf326785f466903
    :git: https://github.com/protoman92/SwiftUtilities.git
  SwiftUtilitiesTests:
    :commit: e4a14944291e6aac114f8b59eaf326785f466903
    :git: https://github.com/protoman92/SwiftUtilities.git

SPEC CHECKSUMS:
  RxBlocking: f6054985901412fc8c02daa84e92d4ba68c61389
  RxCocoa: d88ba0f1f6abf040011a9eb4b539324fc426843a
  RxSwift: e49536837d9901277638493ea537394d4b55f570
  RxTest: e634f15fd2c2cd0e0120132ef7a4f7be69ad0393
  SwiftFP: de07086ff02da0a83b7a38ad8da87b7c50f170ea
  SwiftUtilities: 3767ab7054255d45ab4acb2f02545099f4563365
  SwiftUtilitiesTests: 51ad0d8703fbfa924ade7609453a2b4783f23f29

PODFILE CHECKSUM: a64970eb2d2944d06b3fdd90634a8cc2dca20c34

COCOAPODS: 1.4.0
